// !$*UTF8*$!
{
	archiveVersion = 1;
	classes = {
	};
	objectVersion = 48;
	objects = {

/* Begin PBXBuildFile section */
		64EDC0611F87E8E9007272E0 /* AppDelegate.swift in Sources */ = {isa = PBXBuildFile; fileRef = 64EDC0601F87E8E9007272E0 /* AppDelegate.swift */; };
		64EDC0631F87E8E9007272E0 /* ViewController.swift in Sources */ = {isa = PBXBuildFile; fileRef = 64EDC0621F87E8E9007272E0 /* ViewController.swift */; };
		64EDC0661F87E8E9007272E0 /* Main.storyboard in Resources */ = {isa = PBXBuildFile; fileRef = 64EDC0641F87E8E9007272E0 /* Main.storyboard */; };
		64EDC0681F87E8E9007272E0 /* Assets.xcassets in Resources */ = {isa = PBXBuildFile; fileRef = 64EDC0671F87E8E9007272E0 /* Assets.xcassets */; };
		64EDC06B1F87E8E9007272E0 /* LaunchScreen.storyboard in Resources */ = {isa = PBXBuildFile; fileRef = 64EDC0691F87E8E9007272E0 /* LaunchScreen.storyboard */; };
		64EDC0761F87E8E9007272E0 /* SaveTheKittensTests.swift in Sources */ = {isa = PBXBuildFile; fileRef = 64EDC0751F87E8E9007272E0 /* SaveTheKittensTests.swift */; };
		64EDC0811F87E8E9007272E0 /* SaveTheKittensUITests.swift in Sources */ = {isa = PBXBuildFile; fileRef = 64EDC0801F87E8E9007272E0 /* SaveTheKittensUITests.swift */; };
/* End PBXBuildFile section */

/* Begin PBXContainerItemProxy section */
		64EDC0721F87E8E9007272E0 /* PBXContainerItemProxy */ = {
			isa = PBXContainerItemProxy;
			containerPortal = 64EDC0551F87E8E9007272E0 /* Project object */;
			proxyType = 1;
			remoteGlobalIDString = 64EDC05C1F87E8E9007272E0;
			remoteInfo = SaveTheKittens;
		};
		64EDC07D1F87E8E9007272E0 /* PBXContainerItemProxy */ = {
			isa = PBXContainerItemProxy;
			containerPortal = 64EDC0551F87E8E9007272E0 /* Project object */;
			proxyType = 1;
			remoteGlobalIDString = 64EDC05C1F87E8E9007272E0;
			remoteInfo = SaveTheKittens;
		};
/* End PBXContainerItemProxy section */

/* Begin PBXFileReference section */
		64EDC05D1F87E8E9007272E0 /* SaveTheKittens.app */ = {isa = PBXFileReference; explicitFileType = wrapper.application; includeInIndex = 0; path = SaveTheKittens.app; sourceTree = BUILT_PRODUCTS_DIR; };
		64EDC0601F87E8E9007272E0 /* AppDelegate.swift */ = {isa = PBXFileReference; lastKnownFileType = sourcecode.swift; path = AppDelegate.swift; sourceTree = "<group>"; };
		64EDC0621F87E8E9007272E0 /* ViewController.swift */ = {isa = PBXFileReference; lastKnownFileType = sourcecode.swift; path = ViewController.swift; sourceTree = "<group>"; };
		64EDC0651F87E8E9007272E0 /* Base */ = {isa = PBXFileReference; lastKnownFileType = file.storyboard; name = Base; path = Base.lproj/Main.storyboard; sourceTree = "<group>"; };
		64EDC0671F87E8E9007272E0 /* Assets.xcassets */ = {isa = PBXFileReference; lastKnownFileType = folder.assetcatalog; path = Assets.xcassets; sourceTree = "<group>"; };
		64EDC06A1F87E8E9007272E0 /* Base */ = {isa = PBXFileReference; lastKnownFileType = file.storyboard; name = Base; path = Base.lproj/LaunchScreen.storyboard; sourceTree = "<group>"; };
		64EDC06C1F87E8E9007272E0 /* Info.plist */ = {isa = PBXFileReference; lastKnownFileType = text.plist.xml; path = Info.plist; sourceTree = "<group>"; };
		64EDC0711F87E8E9007272E0 /* SaveTheKittensTests.xctest */ = {isa = PBXFileReference; explicitFileType = wrapper.cfbundle; includeInIndex = 0; path = SaveTheKittensTests.xctest; sourceTree = BUILT_PRODUCTS_DIR; };
		64EDC0751F87E8E9007272E0 /* SaveTheKittensTests.swift */ = {isa = PBXFileReference; lastKnownFileType = sourcecode.swift; path = SaveTheKittensTests.swift; sourceTree = "<group>"; };
		64EDC0771F87E8E9007272E0 /* Info.plist */ = {isa = PBXFileReference; lastKnownFileType = text.plist.xml; path = Info.plist; sourceTree = "<group>"; };
		64EDC07C1F87E8E9007272E0 /* SaveTheKittensUITests.xctest */ = {isa = PBXFileReference; explicitFileType = wrapper.cfbundle; includeInIndex = 0; path = SaveTheKittensUITests.xctest; sourceTree = BUILT_PRODUCTS_DIR; };
		64EDC0801F87E8E9007272E0 /* SaveTheKittensUITests.swift */ = {isa = PBXFileReference; lastKnownFileType = sourcecode.swift; path = SaveTheKittensUITests.swift; sourceTree = "<group>"; };
		64EDC0821F87E8E9007272E0 /* Info.plist */ = {isa = PBXFileReference; lastKnownFileType = text.plist.xml; path = Info.plist; sourceTree = "<group>"; };
/* End PBXFileReference section */

/* Begin PBXFrameworksBuildPhase section */
		64EDC05A1F87E8E9007272E0 /* Frameworks */ = {
			isa = PBXFrameworksBuildPhase;
			buildActionMask = 2147483647;
			files = (
			);
			runOnlyForDeploymentPostprocessing = 0;
		};
		64EDC06E1F87E8E9007272E0 /* Frameworks */ = {
			isa = PBXFrameworksBuildPhase;
			buildActionMask = 2147483647;
			files = (
			);
			runOnlyForDeploymentPostprocessing = 0;
		};
		64EDC0791F87E8E9007272E0 /* Frameworks */ = {
			isa = PBXFrameworksBuildPhase;
			buildActionMask = 2147483647;
			files = (
			);
			runOnlyForDeploymentPostprocessing = 0;
		};
/* End PBXFrameworksBuildPhase section */

/* Begin PBXGroup section */
		64EDC0541F87E8E9007272E0 = {
			isa = PBXGroup;
			children = (
				64EDC05F1F87E8E9007272E0 /* SaveTheKittens */,
				64EDC0741F87E8E9007272E0 /* SaveTheKittensTests */,
				64EDC07F1F87E8E9007272E0 /* SaveTheKittensUITests */,
				64EDC05E1F87E8E9007272E0 /* Products */,
			);
			sourceTree = "<group>";
		};
		64EDC05E1F87E8E9007272E0 /* Products */ = {
			isa = PBXGroup;
			children = (
				64EDC05D1F87E8E9007272E0 /* SaveTheKittens.app */,
				64EDC0711F87E8E9007272E0 /* SaveTheKittensTests.xctest */,
				64EDC07C1F87E8E9007272E0 /* SaveTheKittensUITests.xctest */,
			);
			name = Products;
			sourceTree = "<group>";
		};
		64EDC05F1F87E8E9007272E0 /* SaveTheKittens */ = {
			isa = PBXGroup;
			children = (
				64EDC0601F87E8E9007272E0 /* AppDelegate.swift */,
				64EDC0621F87E8E9007272E0 /* ViewController.swift */,
				64EDC0641F87E8E9007272E0 /* Main.storyboard */,
				64EDC0671F87E8E9007272E0 /* Assets.xcassets */,
				64EDC0691F87E8E9007272E0 /* LaunchScreen.storyboard */,
				64EDC06C1F87E8E9007272E0 /* Info.plist */,
			);
			path = SaveTheKittens;
			sourceTree = "<group>";
		};
		64EDC0741F87E8E9007272E0 /* SaveTheKittensTests */ = {
			isa = PBXGroup;
			children = (
				64EDC0751F87E8E9007272E0 /* SaveTheKittensTests.swift */,
				64EDC0771F87E8E9007272E0 /* Info.plist */,
			);
			path = SaveTheKittensTests;
			sourceTree = "<group>";
		};
		64EDC07F1F87E8E9007272E0 /* SaveTheKittensUITests */ = {
			isa = PBXGroup;
			children = (
				64EDC0801F87E8E9007272E0 /* SaveTheKittensUITests.swift */,
				64EDC0821F87E8E9007272E0 /* Info.plist */,
			);
			path = SaveTheKittensUITests;
			sourceTree = "<group>";
		};
/* End PBXGroup section */

/* Begin PBXNativeTarget section */
		64EDC05C1F87E8E9007272E0 /* SaveTheKittens */ = {
			isa = PBXNativeTarget;
			buildConfigurationList = 64EDC0851F87E8E9007272E0 /* Build configuration list for PBXNativeTarget "SaveTheKittens" */;
			buildPhases = (
				64EDC0591F87E8E9007272E0 /* Sources */,
				64EDC05A1F87E8E9007272E0 /* Frameworks */,
				64EDC05B1F87E8E9007272E0 /* Resources */,
			);
			buildRules = (
			);
			dependencies = (
			);
			name = SaveTheKittens;
			productName = SaveTheKittens;
			productReference = 64EDC05D1F87E8E9007272E0 /* SaveTheKittens.app */;
			productType = "com.apple.product-type.application";
		};
		64EDC0701F87E8E9007272E0 /* SaveTheKittensTests */ = {
			isa = PBXNativeTarget;
			buildConfigurationList = 64EDC0881F87E8E9007272E0 /* Build configuration list for PBXNativeTarget "SaveTheKittensTests" */;
			buildPhases = (
				64EDC06D1F87E8E9007272E0 /* Sources */,
				64EDC06E1F87E8E9007272E0 /* Frameworks */,
				64EDC06F1F87E8E9007272E0 /* Resources */,
			);
			buildRules = (
			);
			dependencies = (
				64EDC0731F87E8E9007272E0 /* PBXTargetDependency */,
			);
			name = SaveTheKittensTests;
			productName = SaveTheKittensTests;
			productReference = 64EDC0711F87E8E9007272E0 /* SaveTheKittensTests.xctest */;
			productType = "com.apple.product-type.bundle.unit-test";
		};
		64EDC07B1F87E8E9007272E0 /* SaveTheKittensUITests */ = {
			isa = PBXNativeTarget;
			buildConfigurationList = 64EDC08B1F87E8E9007272E0 /* Build configuration list for PBXNativeTarget "SaveTheKittensUITests" */;
			buildPhases = (
				64EDC0781F87E8E9007272E0 /* Sources */,
				64EDC0791F87E8E9007272E0 /* Frameworks */,
				64EDC07A1F87E8E9007272E0 /* Resources */,
			);
			buildRules = (
			);
			dependencies = (
				64EDC07E1F87E8E9007272E0 /* PBXTargetDependency */,
			);
			name = SaveTheKittensUITests;
			productName = SaveTheKittensUITests;
			productReference = 64EDC07C1F87E8E9007272E0 /* SaveTheKittensUITests.xctest */;
			productType = "com.apple.product-type.bundle.ui-testing";
		};
/* End PBXNativeTarget section */

/* Begin PBXProject section */
		64EDC0551F87E8E9007272E0 /* Project object */ = {
			isa = PBXProject;
			attributes = {
				LastSwiftUpdateCheck = 0900;
				LastUpgradeCheck = 0900;
				ORGANIZATIONNAME = "Bors Silviu-Emanuel";
				TargetAttributes = {
					64EDC05C1F87E8E9007272E0 = {
						CreatedOnToolsVersion = 9.0;
						ProvisioningStyle = Automatic;
					};
					64EDC0701F87E8E9007272E0 = {
						CreatedOnToolsVersion = 9.0;
						ProvisioningStyle = Automatic;
						TestTargetID = 64EDC05C1F87E8E9007272E0;
					};
					64EDC07B1F87E8E9007272E0 = {
						CreatedOnToolsVersion = 9.0;
						ProvisioningStyle = Automatic;
						TestTargetID = 64EDC05C1F87E8E9007272E0;
					};
				};
			};
			buildConfigurationList = 64EDC0581F87E8E9007272E0 /* Build configuration list for PBXProject "SaveTheKittens" */;
			compatibilityVersion = "Xcode 8.0";
			developmentRegion = en;
			hasScannedForEncodings = 0;
			knownRegions = (
				en,
				Base,
			);
			mainGroup = 64EDC0541F87E8E9007272E0;
			productRefGroup = 64EDC05E1F87E8E9007272E0 /* Products */;
			projectDirPath = "";
			projectRoot = "";
			targets = (
				64EDC05C1F87E8E9007272E0 /* SaveTheKittens */,
				64EDC0701F87E8E9007272E0 /* SaveTheKittensTests */,
				64EDC07B1F87E8E9007272E0 /* SaveTheKittensUITests */,
			);
		};
/* End PBXProject section */

/* Begin PBXResourcesBuildPhase section */
		64EDC05B1F87E8E9007272E0 /* Resources */ = {
			isa = PBXResourcesBuildPhase;
			buildActionMask = 2147483647;
			files = (
				64EDC06B1F87E8E9007272E0 /* LaunchScreen.storyboard in Resources */,
				64EDC0681F87E8E9007272E0 /* Assets.xcassets in Resources */,
				64EDC0661F87E8E9007272E0 /* Main.storyboard in Resources */,
			);
			runOnlyForDeploymentPostprocessing = 0;
		};
		64EDC06F1F87E8E9007272E0 /* Resources */ = {
			isa = PBXResourcesBuildPhase;
			buildActionMask = 2147483647;
			files = (
			);
			runOnlyForDeploymentPostprocessing = 0;
		};
		64EDC07A1F87E8E9007272E0 /* Resources */ = {
			isa = PBXResourcesBuildPhase;
			buildActionMask = 2147483647;
			files = (
			);
			runOnlyForDeploymentPostprocessing = 0;
		};
/* End PBXResourcesBuildPhase section */

/* Begin PBXSourcesBuildPhase section */
		64EDC0591F87E8E9007272E0 /* Sources */ = {
			isa = PBXSourcesBuildPhase;
			buildActionMask = 2147483647;
			files = (
				64EDC0631F87E8E9007272E0 /* ViewController.swift in Sources */,
				64EDC0611F87E8E9007272E0 /* AppDelegate.swift in Sources */,
			);
			runOnlyForDeploymentPostprocessing = 0;
		};
		64EDC06D1F87E8E9007272E0 /* Sources */ = {
			isa = PBXSourcesBuildPhase;
			buildActionMask = 2147483647;
			files = (
				64EDC0761F87E8E9007272E0 /* SaveTheKittensTests.swift in Sources */,
			);
			runOnlyForDeploymentPostprocessing = 0;
		};
		64EDC0781F87E8E9007272E0 /* Sources */ = {
			isa = PBXSourcesBuildPhase;
			buildActionMask = 2147483647;
			files = (
				64EDC0811F87E8E9007272E0 /* SaveTheKittensUITests.swift in Sources */,
			);
			runOnlyForDeploymentPostprocessing = 0;
		};
/* End PBXSourcesBuildPhase section */

/* Begin PBXTargetDependency section */
		64EDC0731F87E8E9007272E0 /* PBXTargetDependency */ = {
			isa = PBXTargetDependency;
			target = 64EDC05C1F87E8E9007272E0 /* SaveTheKittens */;
			targetProxy = 64EDC0721F87E8E9007272E0 /* PBXContainerItemProxy */;
		};
		64EDC07E1F87E8E9007272E0 /* PBXTargetDependency */ = {
			isa = PBXTargetDependency;
			target = 64EDC05C1F87E8E9007272E0 /* SaveTheKittens */;
			targetProxy = 64EDC07D1F87E8E9007272E0 /* PBXContainerItemProxy */;
		};
/* End PBXTargetDependency section */

/* Begin PBXVariantGroup section */
		64EDC0641F87E8E9007272E0 /* Main.storyboard */ = {
			isa = PBXVariantGroup;
			children = (
				64EDC0651F87E8E9007272E0 /* Base */,
			);
			name = Main.storyboard;
			sourceTree = "<group>";
		};
		64EDC0691F87E8E9007272E0 /* LaunchScreen.storyboard */ = {
			isa = PBXVariantGroup;
			children = (
				64EDC06A1F87E8E9007272E0 /* Base */,
			);
			name = LaunchScreen.storyboard;
			sourceTree = "<group>";
		};
/* End PBXVariantGroup section */

/* Begin XCBuildConfiguration section */
		64EDC0831F87E8E9007272E0 /* Debug */ = {
			isa = XCBuildConfiguration;
			buildSettings = {
				ALWAYS_SEARCH_USER_PATHS = NO;
				CLANG_ANALYZER_NONNULL = YES;
				CLANG_ANALYZER_NUMBER_OBJECT_CONVERSION = YES_AGGRESSIVE;
				CLANG_CXX_LANGUAGE_STANDARD = "gnu++14";
				CLANG_CXX_LIBRARY = "libc++";
				CLANG_ENABLE_MODULES = YES;
				CLANG_ENABLE_OBJC_ARC = YES;
				CLANG_WARN_BLOCK_CAPTURE_AUTORELEASING = YES;
				CLANG_WARN_BOOL_CONVERSION = YES;
				CLANG_WARN_COMMA = YES;
				CLANG_WARN_CONSTANT_CONVERSION = YES;
				CLANG_WARN_DIRECT_OBJC_ISA_USAGE = YES_ERROR;
				CLANG_WARN_DOCUMENTATION_COMMENTS = YES;
				CLANG_WARN_EMPTY_BODY = YES;
				CLANG_WARN_ENUM_CONVERSION = YES;
				CLANG_WARN_INFINITE_RECURSION = YES;
				CLANG_WARN_INT_CONVERSION = YES;
				CLANG_WARN_NON_LITERAL_NULL_CONVERSION = YES;
				CLANG_WARN_OBJC_LITERAL_CONVERSION = YES;
				CLANG_WARN_OBJC_ROOT_CLASS = YES_ERROR;
				CLANG_WARN_RANGE_LOOP_ANALYSIS = YES;
				CLANG_WARN_STRICT_PROTOTYPES = YES;
				CLANG_WARN_SUSPICIOUS_MOVE = YES;
				CLANG_WARN_UNGUARDED_AVAILABILITY = YES_AGGRESSIVE;
				CLANG_WARN_UNREACHABLE_CODE = YES;
				CLANG_WARN__DUPLICATE_METHOD_MATCH = YES;
				CODE_SIGN_IDENTITY = "iPhone Developer";
				COPY_PHASE_STRIP = NO;
				DEBUG_INFORMATION_FORMAT = dwarf;
				ENABLE_STRICT_OBJC_MSGSEND = YES;
				ENABLE_TESTABILITY = YES;
				GCC_C_LANGUAGE_STANDARD = gnu11;
				GCC_DYNAMIC_NO_PIC = NO;
				GCC_NO_COMMON_BLOCKS = YES;
				GCC_OPTIMIZATION_LEVEL = 0;
				GCC_PREPROCESSOR_DEFINITIONS = (
					"DEBUG=1",
					"$(inherited)",
				);
				GCC_WARN_64_TO_32_BIT_CONVERSION = YES;
				GCC_WARN_ABOUT_RETURN_TYPE = YES_ERROR;
				GCC_WARN_UNDECLARED_SELECTOR = YES;
				GCC_WARN_UNINITIALIZED_AUTOS = YES_AGGRESSIVE;
				GCC_WARN_UNUSED_FUNCTION = YES;
				GCC_WARN_UNUSED_VARIABLE = YES;
				IPHONEOS_DEPLOYMENT_TARGET = 11.0;
				MTL_ENABLE_DEBUG_INFO = YES;
				ONLY_ACTIVE_ARCH = YES;
				SDKROOT = iphoneos;
				SWIFT_ACTIVE_COMPILATION_CONDITIONS = DEBUG;
				SWIFT_OPTIMIZATION_LEVEL = "-Onone";
			};
			name = Debug;
		};
		64EDC0841F87E8E9007272E0 /* Release */ = {
			isa = XCBuildConfiguration;
			buildSettings = {
				ALWAYS_SEARCH_USER_PATHS = NO;
				CLANG_ANALYZER_NONNULL = YES;
				CLANG_ANALYZER_NUMBER_OBJECT_CONVERSION = YES_AGGRESSIVE;
				CLANG_CXX_LANGUAGE_STANDARD = "gnu++14";
				CLANG_CXX_LIBRARY = "libc++";
				CLANG_ENABLE_MODULES = YES;
				CLANG_ENABLE_OBJC_ARC = YES;
				CLANG_WARN_BLOCK_CAPTURE_AUTORELEASING = YES;
				CLANG_WARN_BOOL_CONVERSION = YES;
				CLANG_WARN_COMMA = YES;
				CLANG_WARN_CONSTANT_CONVERSION = YES;
				CLANG_WARN_DIRECT_OBJC_ISA_USAGE = YES_ERROR;
				CLANG_WARN_DOCUMENTATION_COMMENTS = YES;
				CLANG_WARN_EMPTY_BODY = YES;
				CLANG_WARN_ENUM_CONVERSION = YES;
				CLANG_WARN_INFINITE_RECURSION = YES;
				CLANG_WARN_INT_CONVERSION = YES;
				CLANG_WARN_NON_LITERAL_NULL_CONVERSION = YES;
				CLANG_WARN_OBJC_LITERAL_CONVERSION = YES;
				CLANG_WARN_OBJC_ROOT_CLASS = YES_ERROR;
				CLANG_WARN_RANGE_LOOP_ANALYSIS = YES;
				CLANG_WARN_STRICT_PROTOTYPES = YES;
				CLANG_WARN_SUSPICIOUS_MOVE = YES;
				CLANG_WARN_UNGUARDED_AVAILABILITY = YES_AGGRESSIVE;
				CLANG_WARN_UNREACHABLE_CODE = YES;
				CLANG_WARN__DUPLICATE_METHOD_MATCH = YES;
				CODE_SIGN_IDENTITY = "iPhone Developer";
				COPY_PHASE_STRIP = NO;
				DEBUG_INFORMATION_FORMAT = "dwarf-with-dsym";
				ENABLE_NS_ASSERTIONS = NO;
				ENABLE_STRICT_OBJC_MSGSEND = YES;
				GCC_C_LANGUAGE_STANDARD = gnu11;
				GCC_NO_COMMON_BLOCKS = YES;
				GCC_WARN_64_TO_32_BIT_CONVERSION = YES;
				GCC_WARN_ABOUT_RETURN_TYPE = YES_ERROR;
				GCC_WARN_UNDECLARED_SELECTOR = YES;
				GCC_WARN_UNINITIALIZED_AUTOS = YES_AGGRESSIVE;
				GCC_WARN_UNUSED_FUNCTION = YES;
				GCC_WARN_UNUSED_VARIABLE = YES;
				IPHONEOS_DEPLOYMENT_TARGET = 11.0;
				MTL_ENABLE_DEBUG_INFO = NO;
				SDKROOT = iphoneos;
				SWIFT_OPTIMIZATION_LEVEL = "-Owholemodule";
				VALIDATE_PRODUCT = YES;
			};
			name = Release;
		};
		64EDC0861F87E8E9007272E0 /* Debug */ = {
			isa = XCBuildConfiguration;
			buildSettings = {
				ASSETCATALOG_COMPILER_APPICON_NAME = AppIcon;
				CODE_SIGN_STYLE = Automatic;
				INFOPLIST_FILE = SaveTheKittens/Info.plist;
				LD_RUNPATH_SEARCH_PATHS = "$(inherited) @executable_path/Frameworks";
				PRODUCT_BUNDLE_IDENTIFIER = slv.SaveTheKittens;
				PRODUCT_NAME = "$(TARGET_NAME)";
				SWIFT_VERSION = 4.0;
				TARGETED_DEVICE_FAMILY = "1,2";
			};
			name = Debug;
		};
		64EDC0871F87E8E9007272E0 /* Release */ = {
			isa = XCBuildConfiguration;
			buildSettings = {
				ASSETCATALOG_COMPILER_APPICON_NAME = AppIcon;
				CODE_SIGN_STYLE = Automatic;
				INFOPLIST_FILE = SaveTheKittens/Info.plist;
				LD_RUNPATH_SEARCH_PATHS = "$(inherited) @executable_path/Frameworks";
				PRODUCT_BUNDLE_IDENTIFIER = slv.SaveTheKittens;
				PRODUCT_NAME = "$(TARGET_NAME)";
				SWIFT_VERSION = 4.0;
				TARGETED_DEVICE_FAMILY = "1,2";
			};
			name = Release;
		};
		64EDC0891F87E8E9007272E0 /* Debug */ = {
			isa = XCBuildConfiguration;
			buildSettings = {
				ALWAYS_EMBED_SWIFT_STANDARD_LIBRARIES = YES;
				BUNDLE_LOADER = "$(TEST_HOST)";
				CODE_SIGN_STYLE = Automatic;
				INFOPLIST_FILE = SaveTheKittensTests/Info.plist;
				LD_RUNPATH_SEARCH_PATHS = "$(inherited) @executable_path/Frameworks @loader_path/Frameworks";
				PRODUCT_BUNDLE_IDENTIFIER = slv.SaveTheKittensTests;
				PRODUCT_NAME = "$(TARGET_NAME)";
				SWIFT_VERSION = 4.0;
				TARGETED_DEVICE_FAMILY = "1,2";
				TEST_HOST = "$(BUILT_PRODUCTS_DIR)/SaveTheKittens.app/SaveTheKittens";
			};
			name = Debug;
		};
		64EDC08A1F87E8E9007272E0 /* Release */ = {
			isa = XCBuildConfiguration;
			buildSettings = {
				ALWAYS_EMBED_SWIFT_STANDARD_LIBRARIES = YES;
				BUNDLE_LOADER = "$(TEST_HOST)";
				CODE_SIGN_STYLE = Automatic;
				INFOPLIST_FILE = SaveTheKittensTests/Info.plist;
				LD_RUNPATH_SEARCH_PATHS = "$(inherited) @executable_path/Frameworks @loader_path/Frameworks";
				PRODUCT_BUNDLE_IDENTIFIER = slv.SaveTheKittensTests;
				PRODUCT_NAME = "$(TARGET_NAME)";
				SWIFT_VERSION = 4.0;
				TARGETED_DEVICE_FAMILY = "1,2";
				TEST_HOST = "$(BUILT_PRODUCTS_DIR)/SaveTheKittens.app/SaveTheKittens";
			};
			name = Release;
		};
		64EDC08C1F87E8E9007272E0 /* Debug */ = {
			isa = XCBuildConfiguration;
			buildSettings = {
				ALWAYS_EMBED_SWIFT_STANDARD_LIBRARIES = YES;
				CODE_SIGN_STYLE = Automatic;
				INFOPLIST_FILE = SaveTheKittensUITests/Info.plist;
				LD_RUNPATH_SEARCH_PATHS = "$(inherited) @executable_path/Frameworks @loader_path/Frameworks";
				PRODUCT_BUNDLE_IDENTIFIER = slv.SaveTheKittensUITests;
				PRODUCT_NAME = "$(TARGET_NAME)";
				SWIFT_VERSION = 4.0;
				TARGETED_DEVICE_FAMILY = "1,2";
				TEST_TARGET_NAME = SaveTheKittens;
			};
			name = Debug;
		};
		64EDC08D1F87E8E9007272E0 /* Release */ = {
			isa = XCBuildConfiguration;
			buildSettings = {
				ALWAYS_EMBED_SWIFT_STANDARD_LIBRARIES = YES;
				CODE_SIGN_STYLE = Automatic;
				INFOPLIST_FILE = SaveTheKittensUITests/Info.plist;
				LD_RUNPATH_SEARCH_PATHS = "$(inherited) @executable_path/Frameworks @loader_path/Frameworks";
				PRODUCT_BUNDLE_IDENTIFIER = slv.SaveTheKittensUITests;
				PRODUCT_NAME = "$(TARGET_NAME)";
				SWIFT_VERSION = 4.0;
				TARGETED_DEVICE_FAMILY = "1,2";
				TEST_TARGET_NAME = SaveTheKittens;
			};
			name = Release;
		};
/* End XCBuildConfiguration section */

/* Begin XCConfigurationList section */
		64EDC0581F87E8E9007272E0 /* Build configuration list for PBXProject "SaveTheKittens" */ = {
			isa = XCConfigurationList;
			buildConfigurations = (
				64EDC0831F87E8E9007272E0 /* Debug */,
				64EDC0841F87E8E9007272E0 /* Release */,
			);
			defaultConfigurationIsVisible = 0;
			defaultConfigurationName = Release;
		};
		64EDC0851F87E8E9007272E0 /* Build configuration list for PBXNativeTarget "SaveTheKittens" */ = {
			isa = XCConfigurationList;
			buildConfigurations = (
				64EDC0861F87E8E9007272E0 /* Debug */,
				64EDC0871F87E8E9007272E0 /* Release */,
			);
			defaultConfigurationIsVisible = 0;
			defaultConfigurationName = Release;
		};
		64EDC0881F87E8E9007272E0 /* Build configuration list for PBXNativeTarget "SaveTheKittensTests" */ = {
			isa = XCConfigurationList;
			buildConfigurations = (
				64EDC0891F87E8E9007272E0 /* Debug */,
				64EDC08A1F87E8E9007272E0 /* Release */,
			);
			defaultConfigurationIsVisible = 0;
			defaultConfigurationName = Release;
		};
		64EDC08B1F87E8E9007272E0 /* Build configuration list for PBXNativeTarget "SaveTheKittensUITests" */ = {
			isa = XCConfigurationList;
			buildConfigurations = (
				64EDC08C1F87E8E9007272E0 /* Debug */,
				64EDC08D1F87E8E9007272E0 /* Release */,
			);
			defaultConfigurationIsVisible = 0;
			defaultConfigurationName = Release;
		};
/* End XCConfigurationList section */
	};
	rootObject = 64EDC0551F87E8E9007272E0 /* Project object */;
}
